
Microsoft Visual Studio Solution File, Format Version 12.00
# Visual Studio Version 17
VisualStudioVersion = 17.7.34221.43
MinimumVisualStudioVersion = 10.0.40219.1
Project("{FAE04EC0-301F-11D3-BF4B-00C04F79EFBC}") = "IT481_Unit7_DerekSette", "IT481_Unit7_DerekSette\IT481_Unit7_DerekSette.csproj", "{27913BFD-EA05-4D4B-A7DA-D94A877203D2}"
EndProject
Global
	GlobalSection(SolutionConfigurationPlatforms) = preSolution
		Debug|Any CPU = Debug|Any CPU
		Release|Any CPU = Release|Any CPU
	EndGlobalSection
	GlobalSection(ProjectConfigurationPlatforms) = postSolution
		{27913BFD-EA05-4D4B-A7DA-D94A877203D2}.Debug|Any CPU.ActiveCfg = Debug|Any CPU
		{27913BFD-EA05-4D4B-A7DA-D94A877203D2}.Debug|Any CPU.Build.0 = Debug|Any CPU
		{27913BFD-EA05-4D4B-A7DA-D94A877203D2}.Release|Any CPU.ActiveCfg = Release|Any CPU
		{27913BFD-EA05-4D4B-A7DA-D94A877203D2}.Release|Any CPU.Build.0 = Release|Any CPU
	EndGlobalSection
	GlobalSection(SolutionProperties) = preSolution
		HideSolutionNode = FALSE
	EndGlobalSection
	GlobalSection(ExtensibilityGlobals) = postSolution
		SolutionGuid = {7FBC182B-D559-43E8-B059-6CC12A4BF8EE}
	EndGlobalSection
EndGlobal
